Microsoft Visual Studio Solution File, Format Version 12.00
# Visual Studio Version 17
VisualStudioVersion = 17.13.35931.197
MinimumVisualStudioVersion = 10.0.40219.1
Project("{FAE04EC0-301F-11D3-BF4B-00C04F79EFBC}") = "MachineLearningProjectSuite.API", "MachineLearningProjectSuite.API\MachineLearningProjectSuite.API.csproj", "{031720BA-1C70-476D-9366-A5600A5A6E7C}"
EndProject
Global
	GlobalSection(SolutionConfigurationPlatforms) = preSolution
		Debug|Any CPU = Debug|Any CPU
		Release|Any CPU = Release|Any CPU
	EndGlobalSection
	GlobalSection(ProjectConfigurationPlatforms) = postSolution
		{031720BA-1C70-476D-9366-A5600A5A6E7C}.Debug|Any CPU.ActiveCfg = Debug|Any CPU
		{031720BA-1C70-476D-9366-A5600A5A6E7C}.Debug|Any CPU.Build.0 = Debug|Any CPU
		{031720BA-1C70-476D-9366-A5600A5A6E7C}.Release|Any CPU.ActiveCfg = Release|Any CPU
		{031720BA-1C70-476D-9366-A5600A5A6E7C}.Release|Any CPU.Build.0 = Release|Any CPU
	EndGlobalSection
	GlobalSection(SolutionProperties) = preSolution
		HideSolutionNode = FALSE
	EndGlobalSection
	GlobalSection(ExtensibilityGlobals) = postSolution
		SolutionGuid = {56D1C961-38F0-4F53-B9A8-B8D430A611FF}
	EndGlobalSection
EndGlobal
